
Microsoft Visual Studio Solution File, Format Version 12.00
# Visual Studio Version 17
VisualStudioVersion = 17.1.32210.238
MinimumVisualStudioVersion = 10.0.40219.1
Project("{9A19103F-16F7-4668-BE54-9A1E7A4F7556}") = "IssueTracker", "IssueTracker.csproj", "{01EB3DF4-49C4-4BC1-95C7-26CACA5842FC}"
EndProject
Global
	GlobalSection(SolutionConfigurationPlatforms) = preSolution
		Debug|Any CPU = Debug|Any CPU
		Release|Any CPU = Release|Any CPU
	EndGlobalSection
	GlobalSection(ProjectConfigurationPlatforms) = postSolution
		{01EB3DF4-49C4-4BC1-95C7-26CACA5842FC}.Debug|Any CPU.ActiveCfg = Debug|Any CPU
		{01EB3DF4-49C4-4BC1-95C7-26CACA5842FC}.Debug|Any CPU.Build.0 = Debug|Any CPU
		{01EB3DF4-49C4-4BC1-95C7-26CACA5842FC}.Release|Any CPU.ActiveCfg = Release|Any CPU
		{01EB3DF4-49C4-4BC1-95C7-26CACA5842FC}.Release|Any CPU.Build.0 = Release|Any CPU
	EndGlobalSection
	GlobalSection(SolutionProperties) = preSolution
		HideSolutionNode = FALSE
	EndGlobalSection
	GlobalSection(ExtensibilityGlobals) = postSolution
		SolutionGuid = {A53F11DB-2B60-4511-B106-688DCAFD2B0F}
	EndGlobalSection
EndGlobal
